{
  "name": "biotonomy",
  "version": "0.2.7",
  "lockfileVersion": 3,
  "requires": true,
  "packages": {
    "": {
      "name": "biotonomy",
      "version": "0.2.7",
      "license": "MIT",
      "bin": {
        "bt": "bt.sh"
      },
      "engines": {
        "node": ">=18"
      }
    }
  }
}
